
Microsoft Visual Studio Solution File, Format Version 12.00
# Visual Studio Version 17
VisualStudioVersion = 17.6.34408.137
MinimumVisualStudioVersion = 10.0.40219.1
Project("{FAE04EC0-301F-11D3-BF4B-00C04F79EFBC}") = "Mensaje", "Mensaje.csproj", "{548BA3E4-71AA-4B74-AC8C-9D67462A5634}"
EndProject
Global
	GlobalSection(SolutionConfigurationPlatforms) = preSolution
		Debug|Any CPU = Debug|Any CPU
		Release|Any CPU = Release|Any CPU
	EndGlobalSection
	GlobalSection(ProjectConfigurationPlatforms) = postSolution
		{548BA3E4-71AA-4B74-AC8C-9D67462A5634}.Debug|Any CPU.ActiveCfg = Debug|Any CPU
		{548BA3E4-71AA-4B74-AC8C-9D67462A5634}.Debug|Any CPU.Build.0 = Debug|Any CPU
		{548BA3E4-71AA-4B74-AC8C-9D67462A5634}.Release|Any CPU.ActiveCfg = Release|Any CPU
		{548BA3E4-71AA-4B74-AC8C-9D67462A5634}.Release|Any CPU.Build.0 = Release|Any CPU
	EndGlobalSection
	GlobalSection(SolutionProperties) = preSolution
		HideSolutionNode = FALSE
	EndGlobalSection
	GlobalSection(ExtensibilityGlobals) = postSolution
		SolutionGuid = {2996B917-7571-4C03-AFC4-7AFBCB57F670}
	EndGlobalSection
EndGlobal
